
Microsoft Visual Studio Solution File, Format Version 12.00
# Visual Studio Version 17
VisualStudioVersion = 17.6.33815.320
MinimumVisualStudioVersion = 10.0.40219.1
Project("{FAE04EC0-301F-11D3-BF4B-00C04F79EFBC}") = "E-Library-Management-System", "E-Library-Management-System\E-Library-Management-System.csproj", "{C266D5EB-A188-4692-BCD2-577CB79E3328}"
EndProject
Global
	GlobalSection(SolutionConfigurationPlatforms) = preSolution
		Debug|Any CPU = Debug|Any CPU
		Release|Any CPU = Release|Any CPU
	EndGlobalSection
	GlobalSection(ProjectConfigurationPlatforms) = postSolution
		{C266D5EB-A188-4692-BCD2-577CB79E3328}.Debug|Any CPU.ActiveCfg = Debug|Any CPU
		{C266D5EB-A188-4692-BCD2-577CB79E3328}.Debug|Any CPU.Build.0 = Debug|Any CPU
		{C266D5EB-A188-4692-BCD2-577CB79E3328}.Release|Any CPU.ActiveCfg = Release|Any CPU
		{C266D5EB-A188-4692-BCD2-577CB79E3328}.Release|Any CPU.Build.0 = Release|Any CPU
	EndGlobalSection
	GlobalSection(SolutionProperties) = preSolution
		HideSolutionNode = FALSE
	EndGlobalSection
	GlobalSection(ExtensibilityGlobals) = postSolution
		SolutionGuid = {D0D04D18-3273-4F8B-A617-4C532A5D4453}
	EndGlobalSection
EndGlobal
